# This file is automatically @generated by Cargo.
# It is not intended for manual editing.
version = 3

[[package]]
name = "admin-app"
version = "0.1.0"
source = "git+https://github.com/solokeys/admin-app#99951ba7bc2c577dac1c7a1bb74999eb29e01a34"
dependencies = [
 "apdu-dispatch",
 "ctaphid-dispatch",
 "iso7816",
 "trussed",
]

[[package]]
name = "aead"
version = "0.4.3"
source = "registry+https://github.com/rust-lang/crates.io-index"
checksum = "0b613b8e1e3cf911a086f53f03bf286f52fd7a7258e4fa606f0ef220d39d8877"
dependencies = [
 "generic-array 0.14.4",
 "heapless 0.7.7",
]

[[package]]
name = "aes"
version = "0.7.5"
source = "registry+https://github.com/rust-lang/crates.io-index"
checksum = "9e8b47f52ea9bae42228d07ec09eb676433d7c4ed1ebdf0f1d1c29ed446f1ab8"
dependencies = [
 "cfg-if",
 "cipher",
 "cpufeatures",
 "opaque-debug",
]

[[package]]
name = "aho-corasick"
version = "0.7.18"
source = "registry+https://github.com/rust-lang/crates.io-index"
checksum = "1e37cfd5e7657ada45f742d6e99ca5788580b5c529dc78faf11ece6dc702656f"
dependencies = [
 "memchr",
]

[[package]]
name = "apdu-dispatch"
version = "0.0.1"
source = "git+https://github.com/solokeys/apdu-dispatch#f01d4ba9bf3b02fc68dc6b94fceba1750d3f47d9"
dependencies = [
 "delog",
 "heapless 0.7.7",
 "interchange",
 "iso7816",
]

[[package]]
name = "as-slice"
version = "0.1.5"
source = "registry+https://github.com/rust-lang/crates.io-index"
checksum = "45403b49e3954a4b8428a0ac21a4b7afadccf92bfd96273f1a58cd4812496ae0"
dependencies = [
 "generic-array 0.12.4",
 "generic-array 0.13.3",
 "generic-array 0.14.4",
 "stable_deref_trait",
]

[[package]]
name = "atomic-polyfill"
version = "0.1.4"
source = "registry+https://github.com/rust-lang/crates.io-index"
checksum = "053f1ab4712fe8c55de46932b46ecc774ae7906278ddf7fc2fbaaaa663b84392"
dependencies = [
 "critical-section",
 "riscv-target",
]

[[package]]
name = "autocfg"
version = "1.0.1"
source = "registry+https://github.com/rust-lang/crates.io-index"
checksum = "cdb031dd78e28731d87d56cc8ffef4a8f36ca26c38fe2de700543e627f8a464a"

[[package]]
name = "bare-metal"
version = "0.2.5"
source = "registry+https://github.com/rust-lang/crates.io-index"
checksum = "5deb64efa5bd81e31fcd1938615a6d98c82eafcbcd787162b6f63b91d6bac5b3"
dependencies = [
 "rustc_version",
]

[[package]]
name = "bare-metal"
version = "1.0.0"
source = "registry+https://github.com/rust-lang/crates.io-index"
checksum = "f8fe8f5a8a398345e52358e18ff07cc17a568fbca5c6f73873d3a62056309603"

[[package]]
name = "bindgen"
version = "0.56.0"
source = "registry+https://github.com/rust-lang/crates.io-index"
checksum = "2da379dbebc0b76ef63ca68d8fc6e71c0f13e59432e0987e508c1820e6ab5239"
dependencies = [
 "bitflags",
 "cexpr",
 "clang-sys",
 "lazy_static",
 "lazycell",
 "peeking_take_while",
 "proc-macro2",
 "quote",
 "regex",
 "rustc-hash",
 "shlex",
]

[[package]]
name = "bindgen"
version = "0.57.0"
source = "registry+https://github.com/rust-lang/crates.io-index"
checksum = "fd4865004a46a0aafb2a0a5eb19d3c9fc46ee5f063a6cfc605c69ac9ecf5263d"
dependencies = [
 "bitflags",
 "cexpr",
 "clang-sys",
 "lazy_static",
 "lazycell",
 "peeking_take_while",
 "proc-macro2",
 "quote",
 "regex",
 "rustc-hash",
 "shlex",
]

[[package]]
name = "bit_field"
version = "0.10.1"
source = "registry+https://github.com/rust-lang/crates.io-index"
checksum = "dcb6dd1c2376d2e096796e234a70e17e94cc2d5d54ff8ce42b28cef1d0d359a4"

[[package]]
name = "bitfield"
version = "0.13.2"
source = "registry+https://github.com/rust-lang/crates.io-index"
checksum = "46afbd2983a5d5a7bd740ccb198caf5b82f45c40c09c0eed36052d91cb92e719"

[[package]]
name = "bitflags"
version = "1.3.2"
source = "registry+https://github.com/rust-lang/crates.io-index"
checksum = "bef38d45163c2f1dde094a7dfd33ccf595c92905c8f8f4fdc18d06fb1037718a"

[[package]]
name = "bitvec"
version = "0.20.4"
source = "registry+https://github.com/rust-lang/crates.io-index"
checksum = "7774144344a4faa177370406a7ff5f1da24303817368584c6206c8303eb07848"
dependencies = [
 "funty",
 "radium",
 "tap",
 "wyz",
]

[[package]]
name = "block-buffer"
version = "0.9.0"
source = "registry+https://github.com/rust-lang/crates.io-index"
checksum = "4152116fd6e9dadb291ae18fc1ec3575ed6d84c29642d97890f4b4a3417297e4"
dependencies = [
 "generic-array 0.14.4",
]

[[package]]
name = "block-modes"
version = "0.8.1"
source = "registry+https://github.com/rust-lang/crates.io-index"
checksum = "2cb03d1bed155d89dce0f845b7899b18a9a163e148fd004e1c28421a783e2d8e"
dependencies = [
 "block-padding",
 "cipher",
]

[[package]]
name = "block-padding"
version = "0.2.1"
source = "registry+https://github.com/rust-lang/crates.io-index"
checksum = "8d696c370c750c948ada61c69a0ee2cbbb9c50b1019ddb86d9317157a99c2cae"

[[package]]
name = "board"
version = "0.0.0-unreleased"
dependencies = [
 "delog",
 "fm11nc08",
 "lpc55-hal",
 "nb 1.0.0",
 "trussed",
]

[[package]]
name = "byteorder"
version = "1.4.3"
source = "registry+https://github.com/rust-lang/crates.io-index"
checksum = "14c189c53d098945499cdfa7ecc63567cf3886b3332b312a5b4585d8d3a6a610"

[[package]]
name = "cbor-smol"
version = "0.4.0"
source = "registry+https://github.com/rust-lang/crates.io-index"
checksum = "d516e3e353d5fc5ee156028f43224033430fd08ef05f8d5dba18a57a4ee5df49"
dependencies = [
 "delog",
 "heapless 0.7.7",
 "heapless-bytes 0.3.0",
 "serde",
]

[[package]]
name = "cc"
version = "1.0.71"
source = "registry+https://github.com/rust-lang/crates.io-index"
checksum = "79c2681d6594606957bbb8631c4b90a7fcaaa72cdb714743a437b156d6a7eedd"

[[package]]
name = "cexpr"
version = "0.4.0"
source = "registry+https://github.com/rust-lang/crates.io-index"
checksum = "f4aedb84272dbe89af497cf81375129abda4fc0a9e7c5d317498c15cc30c0d27"
dependencies = [
 "nom",
]

[[package]]
name = "cfg-if"
version = "1.0.0"
source = "registry+https://github.com/rust-lang/crates.io-index"
checksum = "baf1de4339761588bc0619e3cbc0120ee582ebb74b53b4efbf79117bd2da40fd"

[[package]]
name = "chacha20"
version = "0.7.3"
source = "registry+https://github.com/rust-lang/crates.io-index"
checksum = "f08493fa7707effc63254c66c6ea908675912493cd67952eda23c09fae2610b1"
dependencies = [
 "cfg-if",
 "cipher",
 "cpufeatures",
 "rand_core",
 "zeroize",
]

[[package]]
name = "chacha20poly1305"
version = "0.8.2"
source = "registry+https://github.com/rust-lang/crates.io-index"
checksum = "b6547abe025f4027edacd9edaa357aded014eecec42a5070d9b885c3c334aba2"
dependencies = [
 "aead",
 "chacha20",
 "cipher",
 "poly1305",
 "zeroize",
]

[[package]]
name = "cipher"
version = "0.3.0"
source = "registry+https://github.com/rust-lang/crates.io-index"
checksum = "7ee52072ec15386f770805afd189a01c8841be8696bed250fa2f13c4c0d6dfb7"
dependencies = [
 "generic-array 0.14.4",
]

[[package]]
name = "clang-sys"
version = "1.2.2"
source = "registry+https://github.com/rust-lang/crates.io-index"
checksum = "10612c0ec0e0a1ff0e97980647cb058a6e7aedb913d01d009c406b8b7d0b26ee"
dependencies = [
 "glob",
 "libc",
]

[[package]]
name = "cortex-m"
version = "0.7.3"
source = "registry+https://github.com/rust-lang/crates.io-index"
checksum = "2ac919ef424449ec8c08d515590ce15d9262c0ca5f0da5b0c901e971a3b783b3"
dependencies = [
 "bare-metal 0.2.5",
 "bitfield",
 "embedded-hal",
 "volatile-register",
]

[[package]]
name = "cortex-m-rt"
version = "0.6.15"
source = "registry+https://github.com/rust-lang/crates.io-index"
checksum = "454f278bf469e2de0a4d22ea019d169d8944f86957c8207a39e3f66c32be2fc6"
dependencies = [
 "cortex-m-rt-macros",
 "r0",
]

[[package]]
name = "cortex-m-rt-macros"
version = "0.6.15"
source = "registry+https://github.com/rust-lang/crates.io-index"
checksum = "c8e3aa52243e26f5922fa522b0814019e0c98fc567e2756d715dce7ad7a81f49"
dependencies = [
 "proc-macro2",
 "quote",
 "syn",
]

[[package]]
name = "cortex-m-semihosting"
version = "0.3.7"
source = "registry+https://github.com/rust-lang/crates.io-index"
checksum = "6bffa6c1454368a6aa4811ae60964c38e6996d397ff8095a8b9211b1c1f749bc"
dependencies = [
 "cortex-m",
]

[[package]]
name = "cosey"
version = "0.2.0"
source = "registry+https://github.com/rust-lang/crates.io-index"
checksum = "dae70ebe61c8f9b022729efe68ed35d9330631edd39d873de975083deb4c74f8"
dependencies = [
 "heapless-bytes 0.2.0",
 "serde",
 "serde_repr",
]

[[package]]
name = "cosey"
version = "0.3.0"
source = "registry+https://github.com/rust-lang/crates.io-index"
checksum = "bb743c2c58b69b970e02f5ba7f552f75fcfc8393768e3ae4316e055aabacfdaa"
dependencies = [
 "heapless-bytes 0.3.0",
 "serde",
 "serde_repr",
]

[[package]]
name = "cpufeatures"
version = "0.2.1"
source = "registry+https://github.com/rust-lang/crates.io-index"
checksum = "95059428f66df56b63431fdb4e1947ed2190586af5c5a8a8b71122bdf5a7f469"
dependencies = [
 "libc",
]

[[package]]
name = "critical-section"
version = "0.2.4"
source = "registry+https://github.com/rust-lang/crates.io-index"
checksum = "673b836c1c5a73bd981805236f46dfddbe1092a6a829b22464bd40d7ceefd2f9"
dependencies = [
 "bare-metal 1.0.0",
 "cfg-if",
 "cortex-m",
 "riscv",
]

[[package]]
name = "crypto-mac"
version = "0.11.1"
source = "registry+https://github.com/rust-lang/crates.io-index"
checksum = "b1d1a86f49236c215f271d40892d5fc950490551400b02ef360692c29815c714"
dependencies = [
 "generic-array 0.14.4",
 "subtle",
]

[[package]]
name = "cstr_core"
version = "0.2.4"
source = "registry+https://github.com/rust-lang/crates.io-index"
checksum = "917ba9efe9e1e736671d5a03f006afc4e7e3f32503e2077e0bcaf519c0c8c1d3"
dependencies = [
 "cty",
 "memchr",
]

[[package]]
name = "ctap-types"
version = "0.1.0"
source = "git+https://github.com/solokeys/ctap-types#cf4c50f02693cdd2f9b8207c14390c1a43613be3"
dependencies = [
 "bitflags",
 "cbor-smol",
 "cosey 0.3.0",
 "delog",
 "heapless 0.7.7",
 "heapless-bytes 0.3.0",
 "interchange",
 "iso7816",
 "serde",
 "serde-indexed",
 "serde_repr",
]

[[package]]
name = "ctaphid-dispatch"
version = "0.0.1"
source = "git+https://github.com/solokeys/ctaphid-dispatch#6dcbc0d1b79e597eb643b2d35ac5d6e548e30172"
dependencies = [
 "delog",
 "heapless 0.7.7",
 "heapless-bytes 0.3.0",
 "interchange",
]

[[package]]
name = "cty"
version = "0.2.2"
source = "registry+https://github.com/rust-lang/crates.io-index"
checksum = "b365fabc795046672053e29c954733ec3b05e4be654ab130fe8f1f94d7051f35"

[[package]]
name = "delog"
version = "0.1.2"
source = "registry+https://github.com/rust-lang/crates.io-index"
checksum = "1abe705f4932cb84b67569a7e05cda7ffc9b8847980b2e1cf290f41045eea73b"
dependencies = [
 "log",
]

[[package]]
name = "der"
version = "0.2.10"
source = "registry+https://github.com/rust-lang/crates.io-index"
checksum = "ce93ba4502a73722aa4b955d97f4b1bd26f4f8da74315399ca58fb88fe2bdaae"
dependencies = [
 "der_derive 0.2.2",
 "typenum",
]

[[package]]
name = "der"
version = "0.3.5"
source = "registry+https://github.com/rust-lang/crates.io-index"
checksum = "2eeb9d92785d1facb50567852ce75d0858630630e7eabea59cf7eb7474051087"
dependencies = [
 "der_derive 0.3.0",
 "typenum",
]

[[package]]
name = "der_derive"
version = "0.2.2"
source = "registry+https://github.com/rust-lang/crates.io-index"
checksum = "b4fbbc8e9e0db3a9068cffa43dcf0e314eb9feff083b7afa6eaa9e698412bb23"
dependencies = [
 "proc-macro2",
 "quote",
 "syn",
 "synstructure",
]

[[package]]
name = "der_derive"
version = "0.3.0"
source = "registry+https://github.com/rust-lang/crates.io-index"
checksum = "ed80cdf655e9e748d5bcc5ea2c59fffb8750eb949d2161e72886c9bdf5b12c34"
dependencies = [
 "proc-macro2",
 "quote",
 "syn",
 "synstructure",
]

[[package]]
name = "des"
version = "0.7.0"
source = "registry+https://github.com/rust-lang/crates.io-index"
checksum = "ac41dd49fb554432020d52c875fc290e110113f864c6b1b525cd62c7e7747a5d"
dependencies = [
 "byteorder",
 "cipher",
 "opaque-debug",
]

[[package]]
name = "digest"
version = "0.9.0"
source = "registry+https://github.com/rust-lang/crates.io-index"
checksum = "d3dd60d1080a57a05ab032377049e0591415d2b31afd7028356dbf3cc6dcb066"
dependencies = [
 "generic-array 0.14.4",
]

[[package]]
name = "dispatch-fido"
version = "0.1.0"
dependencies = [
 "apdu-dispatch",
 "ctap-types",
 "ctaphid-dispatch",
 "delog",
 "fido-authenticator",
 "heapless 0.6.1",
 "heapless-bytes 0.3.0",
 "interchange",
 "iso7816",
 "serde",
 "trussed",
]

[[package]]
name = "ecdsa"
version = "0.11.1"
source = "registry+https://github.com/rust-lang/crates.io-index"
checksum = "34d33b390ab82f2e1481e331dbd0530895640179d2128ef9a79cc690b78d1eba"
dependencies = [
 "der 0.3.5",
 "elliptic-curve",
 "hmac",
 "signature",
]

[[package]]
name = "ed25519"
version = "1.3.0"
source = "registry+https://github.com/rust-lang/crates.io-index"
checksum = "74e1069e39f1454367eb2de793ed062fac4c35c2934b76a81d90dd9abcd28816"
dependencies = [
 "signature",
]

[[package]]
name = "elliptic-curve"
version = "0.9.12"
source = "registry+https://github.com/rust-lang/crates.io-index"
checksum = "c13e9b0c3c4170dcc2a12783746c4205d98e18957f57854251eea3f9750fe005"
dependencies = [
 "bitvec",
 "ff",
 "generic-array 0.14.4",
 "group",
 "rand_core",
 "subtle",
 "zeroize",
]

[[package]]
name = "embedded-hal"
version = "0.2.6"
source = "registry+https://github.com/rust-lang/crates.io-index"
checksum = "e36cfb62ff156596c892272f3015ef952fe1525e85261fa3a7f327bd6b384ab9"
dependencies = [
 "nb 0.1.3",
 "void",
]

[[package]]
name = "embedded-time"
version = "0.12.1"
source = "registry+https://github.com/rust-lang/crates.io-index"
checksum = "d7a4b4d10ac48d08bfe3db7688c402baadb244721f30a77ce360bd24c3dffe58"
dependencies = [
 "num",
]

[[package]]
name = "ff"
version = "0.9.0"
source = "registry+https://github.com/rust-lang/crates.io-index"
checksum = "72a4d941a5b7c2a75222e2d44fcdf634a67133d9db31e177ae5ff6ecda852bfe"
dependencies = [
 "bitvec",
 "rand_core",
 "subtle",
]

[[package]]
name = "fido-authenticator"
version = "0.0.0-unreleased"
source = "git+https://github.com/solokeys/fido-authenticator#297114a126460fe57792752d579cb07583d54d8c"
dependencies = [
 "ctap-types",
 "delog",
 "heapless 0.7.7",
 "interchange",
 "littlefs2",
 "serde",
 "serde-indexed",
 "serde_cbor",
 "trussed",
]

[[package]]
name = "flexiber"
version = "0.1.0"
source = "registry+https://github.com/rust-lang/crates.io-index"
checksum = "e3df5b1466eec7b03f5848d8388b99975a0ba1a26510db61ba87c2a6177938e5"
dependencies = [
 "delog",
 "flexiber_derive",
 "heapless 0.7.7",
]

[[package]]
name = "flexiber_derive"
version = "0.1.0"
source = "registry+https://github.com/rust-lang/crates.io-index"
checksum = "500c147f43e74e711720769dd7f37bc90dc6e0798621bfe5e3acb8239fd2f826"
dependencies = [
 "proc-macro2",
 "quote",
 "syn",
 "synstructure",
]

[[package]]
name = "fm11nc08"
version = "0.1.0"
dependencies = [
 "delog",
 "embedded-hal",
 "embedded-time",
 "nb 1.0.0",
 "nfc-device",
]

[[package]]
name = "funty"
version = "1.1.0"
source = "registry+https://github.com/rust-lang/crates.io-index"
checksum = "fed34cd105917e91daa4da6b3728c47b068749d6a62c59811f06ed2ac71d9da7"

[[package]]
name = "generic-array"
version = "0.12.4"
source = "registry+https://github.com/rust-lang/crates.io-index"
checksum = "ffdf9f34f1447443d37393cc6c2b8313aebddcd96906caf34e54c68d8e57d7bd"
dependencies = [
 "typenum",
]

[[package]]
name = "generic-array"
version = "0.13.3"
source = "registry+https://github.com/rust-lang/crates.io-index"
checksum = "f797e67af32588215eaaab8327027ee8e71b9dd0b2b26996aedf20c030fce309"
dependencies = [
 "typenum",
]

[[package]]
name = "generic-array"
version = "0.14.4"
source = "registry+https://github.com/rust-lang/crates.io-index"
checksum = "501466ecc8a30d1d3b7fc9229b122b2ce8ed6e9d9223f1138d4babb253e51817"
dependencies = [
 "typenum",
 "version_check",
]

[[package]]
name = "glob"
version = "0.3.0"
source = "registry+https://github.com/rust-lang/crates.io-index"
checksum = "9b919933a397b79c37e33b77bb2aa3dc8eb6e165ad809e58ff75bc7db2e34574"

[[package]]
name = "group"
version = "0.9.0"
source = "registry+https://github.com/rust-lang/crates.io-index"
checksum = "61b3c1e8b4f1ca07e6605ea1be903a5f6956aec5c8a67fd44d56076631675ed8"
dependencies = [
 "ff",
 "rand_core",
 "subtle",
]

[[package]]
name = "half"
version = "1.8.0"
source = "registry+https://github.com/rust-lang/crates.io-index"
checksum = "ac5956d4e63858efaec57e0d6c1c2f6a41e1487f830314a324ccd7e2223a7ca0"

[[package]]
name = "hash32"
version = "0.1.1"
source = "registry+https://github.com/rust-lang/crates.io-index"
checksum = "d4041af86e63ac4298ce40e5cca669066e75b6f1aa3390fe2561ffa5e1d9f4cc"
dependencies = [
 "byteorder",
]

[[package]]
name = "hash32"
version = "0.2.1"
source = "registry+https://github.com/rust-lang/crates.io-index"
checksum = "b0c35f58762feb77d74ebe43bdbc3210f09be9fe6742234d573bacc26ed92b67"
dependencies = [
 "byteorder",
]

[[package]]
name = "hashbrown"
version = "0.11.2"
source = "registry+https://github.com/rust-lang/crates.io-index"
checksum = "ab5ef0d4909ef3724cc8cce6ccc8572c5c817592e9285f5464f8e86f8bd3726e"

[[package]]
name = "heapless"
version = "0.6.1"
source = "registry+https://github.com/rust-lang/crates.io-index"
checksum = "634bd4d29cbf24424d0a4bfcbf80c6960129dc24424752a7d1d1390607023422"
dependencies = [
 "as-slice",
 "generic-array 0.14.4",
 "hash32 0.1.1",
 "stable_deref_trait",
]

[[package]]
name = "heapless"
version = "0.7.7"
source = "registry+https://github.com/rust-lang/crates.io-index"
checksum = "fe65ef062f1af5b1b189842b0bc45bd671c38e1d22c6aa22e6ada03d01026d53"
dependencies = [
 "atomic-polyfill",
 "hash32 0.2.1",
 "serde",
 "spin",
 "stable_deref_trait",
]

[[package]]
name = "heapless-bytes"
version = "0.2.0"
source = "registry+https://github.com/rust-lang/crates.io-index"
checksum = "1729797499905912c3e4d6d20d5981720da157a27b834531d721905fb8a9b48a"
dependencies = [
 "heapless 0.6.1",
 "serde",
 "typenum",
]

[[package]]
name = "heapless-bytes"
version = "0.3.0"
source = "registry+https://github.com/rust-lang/crates.io-index"
checksum = "7285eba272c6af3e9f15fb9e1c1b6e7d35aa70580ffe0d47af017e97dfb6f48b"
dependencies = [
 "heapless 0.7.7",
 "serde",
 "serde_cbor",
 "typenum",
]

[[package]]
name = "hex-literal"
version = "0.3.3"
source = "registry+https://github.com/rust-lang/crates.io-index"
checksum = "21e4590e13640f19f249fe3e4eca5113bc4289f2497710378190e7f4bd96f45b"

[[package]]
name = "hmac"
version = "0.11.0"
source = "registry+https://github.com/rust-lang/crates.io-index"
checksum = "2a2a2320eb7ec0ebe8da8f744d7812d9fc4cb4d09344ac01898dbcb6a20ae69b"
dependencies = [
 "crypto-mac",
 "digest",
]

[[package]]
name = "indexmap"
version = "1.7.0"
source = "registry+https://github.com/rust-lang/crates.io-index"
checksum = "bc633605454125dec4b66843673f01c7df2b89479b32e0ed634e43a91cff62a5"
dependencies = [
 "autocfg",
 "hashbrown",
]

[[package]]
name = "interchange"
version = "0.2.1"
source = "registry+https://github.com/rust-lang/crates.io-index"
checksum = "65d9ab155e6b8e53ae742a06a850b2645e333d40d89ef2e28f190763742d768c"

[[package]]
name = "iso7816"
version = "0.1.0-alpha.1"
source = "git+https://github.com/ycrypto/iso7816#b2350f41ea44f90c69cdde94ead869be017b844c"
dependencies = [
 "delog",
 "heapless 0.7.7",
]

[[package]]
name = "lazy_static"
version = "1.4.0"
source = "registry+https://github.com/rust-lang/crates.io-index"
checksum = "e2abad23fbc42b3700f2f279844dc832adb2b2eb069b2df918f455c4e18cc646"

[[package]]
name = "lazycell"
version = "1.3.0"
source = "registry+https://github.com/rust-lang/crates.io-index"
checksum = "830d08ce1d1d941e6b30645f1a0eb5643013d835ce3779a5fc208261dbe10f55"

[[package]]
name = "libc"
version = "0.2.103"
source = "registry+https://github.com/rust-lang/crates.io-index"
checksum = "dd8f7255a17a627354f321ef0055d63b898c6fb27eff628af4d1b66b7331edf6"

[[package]]
name = "littlefs2"
version = "0.3.2"
source = "registry+https://github.com/rust-lang/crates.io-index"
checksum = "0dc089501e32d62b3e4d809a29b9e00d6211a197440602d69f304f1e4e82136b"
dependencies = [
 "bitflags",
 "cstr_core",
 "cty",
 "delog",
 "generic-array 0.14.4",
 "heapless 0.7.7",
 "littlefs2-sys",
 "serde",
]

[[package]]
name = "littlefs2-sys"
version = "0.1.6"
source = "registry+https://github.com/rust-lang/crates.io-index"
checksum = "aac150caec8a056e1248754f738c2330e578469093a522cf1afe30bbe545b90b"
dependencies = [
 "bindgen 0.56.0",
 "cc",
 "cty",
]

[[package]]
name = "lock_api"
version = "0.4.5"
source = "registry+https://github.com/rust-lang/crates.io-index"
checksum = "712a4d093c9976e24e7dbca41db895dabcbac38eb5f4045393d17a95bdfb1109"
dependencies = [
 "scopeguard",
]

[[package]]
name = "log"
version = "0.4.14"
source = "registry+https://github.com/rust-lang/crates.io-index"
checksum = "51b9bbe6c47d51fc3e1a9b945965946b4c44142ab8792c50835a980d362c2710"
dependencies = [
 "cfg-if",
]

[[package]]
name = "lpc55-hal"
version = "0.3.0"
source = "registry+https://github.com/rust-lang/crates.io-index"
checksum = "0a950e42b2406d999ec325764196344fc3d9fca48c19aee71be1e43980b45182"
dependencies = [
 "block-buffer",
 "cipher",
 "cortex-m",
 "digest",
 "embedded-hal",
 "embedded-time",
 "generic-array 0.14.4",
 "littlefs2",
 "lpc55-pac",
 "lpc55-rtic",
 "nb 1.0.0",
 "rand_core",
 "usb-device",
 "vcell",
 "void",
]

[[package]]
name = "lpc55-pac"
version = "0.4.0"
source = "registry+https://github.com/rust-lang/crates.io-index"
checksum = "c3cf523cdf2d6d5506c52af76f300df2e02e5a20f27b321f3a447df50a2224bd"
dependencies = [
 "cortex-m",
 "cortex-m-rt",
 "vcell",
]

[[package]]
name = "lpc55-rtic"
version = "0.5.7"
source = "registry+https://github.com/rust-lang/crates.io-index"
checksum = "4472b3ed70fa24afef24fa55fd0ebd77fbc781a4c649bb48ca6b1b9fa6b90073"
dependencies = [
 "cortex-m",
 "cortex-m-rt",
 "heapless 0.6.1",
 "lpc55-rtic-macros",
 "rtic-core",
 "version_check",
]

[[package]]
name = "lpc55-rtic-macros"
version = "0.5.3"
source = "registry+https://github.com/rust-lang/crates.io-index"
checksum = "1c4958d6458bf70ef0789830bb2ed28e9a8d95d500e7cad2b1e9bd3a3169c680"
dependencies = [
 "proc-macro2",
 "quote",
 "rtic-syntax",
 "syn",
]

[[package]]
name = "memchr"
version = "2.4.1"
source = "registry+https://github.com/rust-lang/crates.io-index"
checksum = "308cc39be01b73d0d18f82a0e7b2a3df85245f84af96fdddc5d202d27e47b86a"

[[package]]
name = "micro-ecc-sys"
version = "0.3.2"
source = "registry+https://github.com/rust-lang/crates.io-index"
checksum = "1b861c7e7eba25ec3fe0fde221a46bf38bd1ad200a5404b6f7e45c99b74a00fa"
dependencies = [
 "bindgen 0.56.0",
 "cc",
 "cty",
]

[[package]]
name = "nb"
version = "0.1.3"
source = "registry+https://github.com/rust-lang/crates.io-index"
checksum = "801d31da0513b6ec5214e9bf433a77966320625a37860f910be265be6e18d06f"
dependencies = [
 "nb 1.0.0",
]

[[package]]
name = "nb"
version = "1.0.0"
source = "registry+https://github.com/rust-lang/crates.io-index"
checksum = "546c37ac5d9e56f55e73b677106873d9d9f5190605e41a856503623648488cae"

[[package]]
name = "ndef-app"
version = "0.1.0"
dependencies = [
 "apdu-dispatch",
 "heapless 0.7.7",
 "iso7816",
]

[[package]]
name = "nfc-device"
version = "0.0.1"
dependencies = [
 "apdu-dispatch",
 "delog",
 "embedded-time",
 "heapless 0.7.7",
 "interchange",
 "iso7816",
 "nb 1.0.0",
]

[[package]]
name = "nisty"
version = "0.1.0-alpha.6"
source = "registry+https://github.com/rust-lang/crates.io-index"
checksum = "a50765b4bf261cc343bc5eede18fcd48d1fbe0e5e9352f43a9d0423ddae3ef30"
dependencies = [
 "cosey 0.2.0",
 "der 0.2.10",
 "heapless-bytes 0.2.0",
 "micro-ecc-sys",
 "sha2",
]

[[package]]
name = "nom"
version = "5.1.2"
source = "registry+https://github.com/rust-lang/crates.io-index"
checksum = "ffb4262d26ed83a1c0a33a38fe2bb15797329c85770da05e6b828ddb782627af"
dependencies = [
 "memchr",
 "version_check",
]

[[package]]
name = "num"
version = "0.3.1"
source = "registry+https://github.com/rust-lang/crates.io-index"
checksum = "8b7a8e9be5e039e2ff869df49155f1c06bd01ade2117ec783e56ab0932b67a8f"
dependencies = [
 "num-complex",
 "num-integer",
 "num-iter",
 "num-rational",
 "num-traits",
]

[[package]]
name = "num-complex"
version = "0.3.1"
source = "registry+https://github.com/rust-lang/crates.io-index"
checksum = "747d632c0c558b87dbabbe6a82f3b4ae03720d0646ac5b7b4dae89394be5f2c5"
dependencies = [
 "num-traits",
]

[[package]]
name = "num-integer"
version = "0.1.44"
source = "registry+https://github.com/rust-lang/crates.io-index"
checksum = "d2cc698a63b549a70bc047073d2949cce27cd1c7b0a4a862d08a8031bc2801db"
dependencies = [
 "autocfg",
 "num-traits",
]

[[package]]
name = "num-iter"
version = "0.1.42"
source = "registry+https://github.com/rust-lang/crates.io-index"
checksum = "b2021c8337a54d21aca0d59a92577a029af9431cb59b909b03252b9c164fad59"
dependencies = [
 "autocfg",
 "num-integer",
 "num-traits",
]

[[package]]
name = "num-rational"
version = "0.3.2"
source = "registry+https://github.com/rust-lang/crates.io-index"
checksum = "12ac428b1cb17fce6f731001d307d351ec70a6d202fc2e60f7d4c5e42d8f4f07"
dependencies = [
 "autocfg",
 "num-integer",
 "num-traits",
]

[[package]]
name = "num-traits"
version = "0.2.14"
source = "registry+https://github.com/rust-lang/crates.io-index"
checksum = "9a64b1ec5cda2586e284722486d802acf1f7dbdc623e2bfc57e65ca1cd099290"
dependencies = [
 "autocfg",
]

[[package]]
name = "oath-authenticator"
version = "0.0.0-pre"
source = "git+https://github.com/trussed-dev/oath-authenticator#5d369ca7cba4f9c8df2a2968e0110ade01e961f7"
dependencies = [
 "apdu-dispatch",
 "delog",
 "flexiber",
 "heapless 0.7.7",
 "heapless-bytes 0.3.0",
 "hex-literal",
 "interchange",
 "iso7816",
 "serde",
 "trussed",
]

[[package]]
name = "opaque-debug"
version = "0.3.0"
source = "registry+https://github.com/rust-lang/crates.io-index"
checksum = "624a8340c38c1b80fd549087862da4ba43e08858af025b236e509b6649fc13d5"

[[package]]
name = "p256"
version = "0.8.1"
source = "registry+https://github.com/rust-lang/crates.io-index"
checksum = "2f05f5287453297c4c16af5e2b04df8fd2a3008d70f252729650bc6d7ace5844"
dependencies = [
 "ecdsa",
 "elliptic-curve",
 "sha2",
]

[[package]]
name = "p256-cortex-m4"
version = "0.1.0-alpha.5"
source = "registry+https://github.com/rust-lang/crates.io-index"
checksum = "2c11579292e2d7a61626c5ef1c0bddb6a21d6b0c6f9d36ea83d2c63da5bbc3d1"
dependencies = [
 "der 0.3.5",
 "ecdsa",
 "elliptic-curve",
 "p256",
 "p256-cortex-m4-sys",
 "rand_core",
 "sha2",
 "zeroize",
]

[[package]]
name = "p256-cortex-m4-sys"
version = "0.1.0-alpha.2"
source = "registry+https://github.com/rust-lang/crates.io-index"
checksum = "f9450cfb34f995019026c81c45031df2db7bc8c8523739f84d7113862f07b6e3"
dependencies = [
 "bindgen 0.57.0",
 "cc",
 "cty",
]

[[package]]
name = "panic-halt"
version = "0.2.0"
source = "registry+https://github.com/rust-lang/crates.io-index"
checksum = "de96540e0ebde571dc55c73d60ef407c653844e6f9a1e2fdbd40c07b9252d812"

[[package]]
name = "peeking_take_while"
version = "0.1.2"
source = "registry+https://github.com/rust-lang/crates.io-index"
checksum = "19b17cddbe7ec3f8bc800887bab5e717348c95ea2ca0b1bf0837fb964dc67099"

[[package]]
name = "piv-authenticator"
version = "0.0.0-unreleased"
source = "git+https://github.com/solokeys/piv-authenticator#91caa3c7ddbe3f8329c6a1830cab542d892c2c4d"
dependencies = [
 "apdu-dispatch",
 "delog",
 "flexiber",
 "heapless 0.7.7",
 "hex-literal",
 "interchange",
 "iso7816",
 "serde",
 "trussed",
 "untrusted",
]

[[package]]
name = "poly1305"
version = "0.7.2"
source = "registry+https://github.com/rust-lang/crates.io-index"
checksum = "048aeb476be11a4b6ca432ca569e375810de9294ae78f4774e78ea98a9246ede"
dependencies = [
 "cpufeatures",
 "opaque-debug",
 "universal-hash",
]

[[package]]
name = "postcard"
version = "0.7.2"
source = "registry+https://github.com/rust-lang/crates.io-index"
checksum = "c8863e251332eb18520388099b8b0acc4810ed6e602e3b6f674e8a46ba20e15c"
dependencies = [
 "heapless 0.7.7",
 "postcard-cobs",
 "serde",
]

[[package]]
name = "postcard-cobs"
version = "0.1.5-pre"
source = "registry+https://github.com/rust-lang/crates.io-index"
checksum = "7c68cb38ed13fd7bc9dd5db8f165b7c8d9c1a315104083a2b10f11354c2af97f"

[[package]]
name = "proc-macro2"
version = "1.0.30"
source = "registry+https://github.com/rust-lang/crates.io-index"
checksum = "edc3358ebc67bc8b7fa0c007f945b0b18226f78437d61bec735a9eb96b61ee70"
dependencies = [
 "unicode-xid",
]

[[package]]
name = "provisioner-app"
version = "0.1.0"
dependencies = [
 "apdu-dispatch",
 "delog",
 "heapless 0.7.7",
 "heapless-bytes 0.3.0",
 "littlefs2",
 "lpc55-hal",
 "nisty",
 "salty",
 "trussed",
]

[[package]]
name = "quote"
version = "1.0.10"
source = "registry+https://github.com/rust-lang/crates.io-index"
checksum = "38bc8cc6a5f2e3655e0899c1b848643b2562f853f114bfec7be120678e3ace05"
dependencies = [
 "proc-macro2",
]

[[package]]
name = "r0"
version = "0.2.2"
source = "registry+https://github.com/rust-lang/crates.io-index"
checksum = "e2a38df5b15c8d5c7e8654189744d8e396bddc18ad48041a500ce52d6948941f"

[[package]]
name = "radium"
version = "0.6.2"
source = "registry+https://github.com/rust-lang/crates.io-index"
checksum = "643f8f41a8ebc4c5dc4515c82bb8abd397b527fc20fd681b7c011c2aee5d44fb"

[[package]]
name = "rand_core"
version = "0.6.3"
source = "registry+https://github.com/rust-lang/crates.io-index"
checksum = "d34f1408f55294453790c48b2f1ebbb1c5b4b7563eb1f418bcfcfdbb06ebb4e7"

[[package]]
name = "regex"
version = "1.5.4"
source = "registry+https://github.com/rust-lang/crates.io-index"
checksum = "d07a8629359eb56f1e2fb1652bb04212c072a87ba68546a04065d525673ac461"
dependencies = [
 "aho-corasick",
 "memchr",
 "regex-syntax",
]

[[package]]
name = "regex-syntax"
version = "0.6.25"
source = "registry+https://github.com/rust-lang/crates.io-index"
checksum = "f497285884f3fcff424ffc933e56d7cbca511def0c9831a7f9b5f6153e3cc89b"

[[package]]
name = "riscv"
version = "0.7.0"
source = "registry+https://github.com/rust-lang/crates.io-index"
checksum = "6907ccdd7a31012b70faf2af85cd9e5ba97657cc3987c4f13f8e4d2c2a088aba"
dependencies = [
 "bare-metal 1.0.0",
 "bit_field",
 "riscv-target",
]

[[package]]
name = "riscv-target"
version = "0.1.2"
source = "registry+https://github.com/rust-lang/crates.io-index"
checksum = "88aa938cda42a0cf62a20cfe8d139ff1af20c2e681212b5b34adb5a58333f222"
dependencies = [
 "lazy_static",
 "regex",
]

[[package]]
name = "rtic-core"
version = "0.3.1"
source = "registry+https://github.com/rust-lang/crates.io-index"
checksum = "8bd58a6949de8ff797a346a28d9f13f7b8f54fa61bb5e3cb0985a4efb497a5ef"

[[package]]
name = "rtic-syntax"
version = "0.4.0"
source = "registry+https://github.com/rust-lang/crates.io-index"
checksum = "8152fcaa845720d61e6cc570548b89144c2c307f18a480bbd97e55e9f6eeff04"
dependencies = [
 "indexmap",
 "proc-macro2",
 "syn",
]

[[package]]
name = "rtt-target"
version = "0.3.1"
source = "registry+https://github.com/rust-lang/crates.io-index"
checksum = "065d6058bb1204f51a562a67209e1817cf714759d5cf845aa45c75fa7b0b9d9b"
dependencies = [
 "cortex-m",
 "ufmt-write",
]

[[package]]
name = "runner"
version = "1.0.0"
dependencies = [
 "admin-app",
 "apdu-dispatch",
 "board",
 "cortex-m-semihosting",
 "ctap-types",
 "ctaphid-dispatch",
 "delog",
 "dispatch-fido",
 "fido-authenticator",
 "fm11nc08",
 "heapless 0.6.1",
 "interchange",
 "littlefs2",
 "lpc55-rtic",
 "nb 1.0.0",
 "ndef-app",
 "nfc-device",
 "oath-authenticator",
 "panic-halt",
 "piv-authenticator",
 "provisioner-app",
 "rtt-target",
 "trussed",
 "usb-device",
 "usbd-ccid",
 "usbd-ctaphid",
 "usbd-serial",
]

[[package]]
name = "rustc-hash"
version = "1.1.0"
source = "registry+https://github.com/rust-lang/crates.io-index"
checksum = "08d43f7aa6b08d49f382cde6a7982047c3426db949b1424bc4b7ec9ae12c6ce2"

[[package]]
name = "rustc_version"
version = "0.2.3"
source = "registry+https://github.com/rust-lang/crates.io-index"
checksum = "138e3e0acb6c9fb258b19b67cb8abd63c00679d2851805ea151465464fe9030a"
dependencies = [
 "semver",
]

[[package]]
name = "salty"
version = "0.2.0"
source = "registry+https://github.com/rust-lang/crates.io-index"
checksum = "77cdd38ed8bfe51e53ee991aae0791b94349d0a05cfdecd283835a8a965d4c37"
dependencies = [
 "cosey 0.3.0",
 "ed25519",
 "subtle",
 "zeroize",
]

[[package]]
name = "scopeguard"
version = "1.1.0"
source = "registry+https://github.com/rust-lang/crates.io-index"
checksum = "d29ab0c6d3fc0ee92fe66e2d99f700eab17a8d57d1c1d3b748380fb20baa78cd"

[[package]]
name = "semver"
version = "0.9.0"
source = "registry+https://github.com/rust-lang/crates.io-index"
checksum = "1d7eb9ef2c18661902cc47e535f9bc51b78acd254da71d375c2f6720d9a40403"
dependencies = [
 "semver-parser",
]

[[package]]
name = "semver-parser"
version = "0.7.0"
source = "registry+https://github.com/rust-lang/crates.io-index"
checksum = "388a1df253eca08550bef6c72392cfe7c30914bf41df5269b68cbd6ff8f570a3"

[[package]]
name = "serde"
version = "1.0.130"
source = "registry+https://github.com/rust-lang/crates.io-index"
checksum = "f12d06de37cf59146fbdecab66aa99f9fe4f78722e3607577a5375d66bd0c913"
dependencies = [
 "serde_derive",
]

[[package]]
name = "serde-indexed"
version = "0.1.0"
source = "registry+https://github.com/rust-lang/crates.io-index"
checksum = "431fb604dab775c7bdabdab23b491ec773de085afd92b5dac26b8f3db5965f42"
dependencies = [
 "proc-macro2",
 "quote",
 "syn",
]

[[package]]
name = "serde_cbor"
version = "0.11.2"
source = "registry+https://github.com/rust-lang/crates.io-index"
checksum = "2bef2ebfde456fb76bbcf9f59315333decc4fda0b2b44b420243c11e0f5ec1f5"
dependencies = [
 "half",
 "serde",
]

[[package]]
name = "serde_derive"
version = "1.0.130"
source = "registry+https://github.com/rust-lang/crates.io-index"
checksum = "d7bc1a1ab1961464eae040d96713baa5a724a8152c1222492465b54322ec508b"
dependencies = [
 "proc-macro2",
 "quote",
 "syn",
]

[[package]]
name = "serde_repr"
version = "0.1.7"
source = "registry+https://github.com/rust-lang/crates.io-index"
checksum = "98d0516900518c29efa217c298fa1f4e6c6ffc85ae29fd7f4ee48f176e1a9ed5"
dependencies = [
 "proc-macro2",
 "quote",
 "syn",
]

[[package]]
name = "sha-1"
version = "0.9.8"
source = "registry+https://github.com/rust-lang/crates.io-index"
checksum = "99cd6713db3cf16b6c84e06321e049a9b9f699826e16096d23bbcc44d15d51a6"
dependencies = [
 "block-buffer",
 "cfg-if",
 "cpufeatures",
 "digest",
 "opaque-debug",
]

[[package]]
name = "sha2"
version = "0.9.8"
source = "registry+https://github.com/rust-lang/crates.io-index"
checksum = "b69f9a4c9740d74c5baa3fd2e547f9525fa8088a8a958e0ca2409a514e33f5fa"
dependencies = [
 "block-buffer",
 "cfg-if",
 "cpufeatures",
 "digest",
 "opaque-debug",
]

[[package]]
name = "shlex"
version = "0.1.1"
source = "registry+https://github.com/rust-lang/crates.io-index"
checksum = "7fdf1b9db47230893d76faad238fd6097fd6d6a9245cd7a4d90dbd639536bbd2"

[[package]]
name = "signature"
version = "1.3.1"
source = "registry+https://github.com/rust-lang/crates.io-index"
checksum = "c19772be3c4dd2ceaacf03cb41d5885f2a02c4d8804884918e3a258480803335"
dependencies = [
 "digest",
 "rand_core",
]

[[package]]
name = "spin"
version = "0.9.2"
source = "registry+https://github.com/rust-lang/crates.io-index"
checksum = "511254be0c5bcf062b019a6c89c01a664aa359ded62f78aa72c6fc137c0590e5"
dependencies = [
 "lock_api",
]

[[package]]
name = "stable_deref_trait"
version = "1.2.0"
source = "registry+https://github.com/rust-lang/crates.io-index"
checksum = "a8f112729512f8e442d81f95a8a7ddf2b7c6b8a1a6f509a95864142b30cab2d3"

[[package]]
name = "subtle"
version = "2.4.1"
source = "registry+https://github.com/rust-lang/crates.io-index"
checksum = "6bdef32e8150c2a081110b42772ffe7d7c9032b606bc226c8260fd97e0976601"

[[package]]
name = "syn"
version = "1.0.80"
source = "registry+https://github.com/rust-lang/crates.io-index"
checksum = "d010a1623fbd906d51d650a9916aaefc05ffa0e4053ff7fe601167f3e715d194"
dependencies = [
 "proc-macro2",
 "quote",
 "unicode-xid",
]

[[package]]
name = "synstructure"
version = "0.12.6"
source = "registry+https://github.com/rust-lang/crates.io-index"
checksum = "f36bdaa60a83aca3921b5259d5400cbf5e90fc51931376a9bd4a0eb79aa7210f"
dependencies = [
 "proc-macro2",
 "quote",
 "syn",
 "unicode-xid",
]

[[package]]
name = "tap"
version = "1.0.1"
source = "registry+https://github.com/rust-lang/crates.io-index"
checksum = "55937e1799185b12863d447f42597ed69d9928686b8d88a1df17376a097d8369"

[[package]]
name = "trussed"
version = "0.1.0"
source = "git+https://github.com/trussed-dev/trussed#c52e9c7a3a075bb143ae23e01e6ec78851d3a0b0"
dependencies = [
 "aes",
 "bitflags",
 "block-modes",
 "cbor-smol",
 "cfg-if",
 "chacha20",
 "chacha20poly1305",
 "cosey 0.3.0",
 "delog",
 "des",
 "embedded-hal",
 "flexiber",
 "generic-array 0.14.4",
 "heapless 0.7.7",
 "heapless-bytes 0.3.0",
 "hex-literal",
 "hmac",
 "interchange",
 "littlefs2",
 "nb 1.0.0",
 "p256-cortex-m4",
 "postcard",
 "rand_core",
 "salty",
 "serde",
 "serde-indexed",
 "sha-1",
 "sha2",
 "zeroize",
]

[[package]]
name = "typenum"
version = "1.14.0"
source = "registry+https://github.com/rust-lang/crates.io-index"
checksum = "b63708a265f51345575b27fe43f9500ad611579e764c79edbc2037b1121959ec"

[[package]]
name = "ufmt-write"
version = "0.1.0"
source = "registry+https://github.com/rust-lang/crates.io-index"
checksum = "e87a2ed6b42ec5e28cc3b94c09982969e9227600b2e3dcbc1db927a84c06bd69"

[[package]]
name = "unicode-xid"
version = "0.2.2"
source = "registry+https://github.com/rust-lang/crates.io-index"
checksum = "8ccb82d61f80a663efe1f787a51b16b5a51e3314d6ac365b08639f52387b33f3"

[[package]]
name = "universal-hash"
version = "0.4.1"
source = "registry+https://github.com/rust-lang/crates.io-index"
checksum = "9f214e8f697e925001e66ec2c6e37a4ef93f0f78c2eed7814394e10c62025b05"
dependencies = [
 "generic-array 0.14.4",
 "subtle",
]

[[package]]
name = "untrusted"
version = "0.7.1"
source = "registry+https://github.com/rust-lang/crates.io-index"
checksum = "a156c684c91ea7d62626509bce3cb4e1d9ed5c4d978f7b4352658f96a4c26b4a"

[[package]]
name = "usb-device"
version = "0.2.8"
source = "registry+https://github.com/rust-lang/crates.io-index"
checksum = "6be90410d4772074ea49525e2e753b65920b94b57eee21a6ef7b6a6fe6296245"

[[package]]
name = "usbd-ccid"
version = "0.0.0-unreleased"
dependencies = [
 "delog",
 "embedded-time",
 "heapless 0.7.7",
 "interchange",
 "iso7816",
 "usb-device",
]

[[package]]
name = "usbd-ctaphid"
version = "0.0.0-unreleased"
dependencies = [
 "ctap-types",
 "ctaphid-dispatch",
 "delog",
 "embedded-time",
 "heapless 0.7.7",
 "heapless-bytes 0.3.0",
 "interchange",
 "serde",
 "usb-device",
]

[[package]]
name = "usbd-serial"
version = "0.1.1"
source = "registry+https://github.com/rust-lang/crates.io-index"
checksum = "db75519b86287f12dcf0d171c7cf4ecc839149fe9f3b720ac4cfce52959e1dfe"
dependencies = [
 "embedded-hal",
 "nb 0.1.3",
 "usb-device",
]

[[package]]
name = "vcell"
version = "0.1.3"
source = "registry+https://github.com/rust-lang/crates.io-index"
checksum = "77439c1b53d2303b20d9459b1ade71a83c716e3f9c34f3228c00e6f185d6c002"

[[package]]
name = "version_check"
version = "0.9.3"
source = "registry+https://github.com/rust-lang/crates.io-index"
checksum = "5fecdca9a5291cc2b8dcf7dc02453fee791a280f3743cb0905f8822ae463b3fe"

[[package]]
name = "void"
version = "1.0.2"
source = "registry+https://github.com/rust-lang/crates.io-index"
checksum = "6a02e4885ed3bc0f2de90ea6dd45ebcbb66dacffe03547fadbb0eeae2770887d"

[[package]]
name = "volatile-register"
version = "0.2.1"
source = "registry+https://github.com/rust-lang/crates.io-index"
checksum = "9ee8f19f9d74293faf70901bc20ad067dc1ad390d2cbf1e3f75f721ffee908b6"
dependencies = [
 "vcell",
]

[[package]]
name = "wyz"
version = "0.2.0"
source = "registry+https://github.com/rust-lang/crates.io-index"
checksum = "85e60b0d1b5f99db2556934e21937020776a5d31520bf169e851ac44e6420214"

[[package]]
name = "zeroize"
version = "1.3.0"
source = "registry+https://github.com/rust-lang/crates.io-index"
checksum = "4756f7db3f7b5574938c3eb1c117038b8e07f95ee6718c0efad4ac21508f1efd"
dependencies = [
 "zeroize_derive",
]

[[package]]
name = "zeroize_derive"
version = "1.2.0"
source = "registry+https://github.com/rust-lang/crates.io-index"
checksum = "bdff2024a851a322b08f179173ae2ba620445aef1e838f0c196820eade4ae0c7"
dependencies = [
 "proc-macro2",
 "quote",
 "syn",
 "synstructure",
]
